github.com/Sirupsen/logrus v0.10.1-0.20160524132453-6d9ae300aaf8 h1:HCaXFvBeZGFOEIfbmmqiSy1Cg5vYHWa7zNoyKQspys4=
github.com/Sirupsen/logrus v0.10.1-0.20160524132453-6d9ae300aaf8/go.mod h1:rmk17hk6i8ZSAJkSDa7nOxamrG+SP4P0mm+DAvExv4U=
github.com/davecgh/go-spew v1.1.0 h1:ZDRjVQ15GmhC3fiQ8ni8+OwkZQO4DARzQgrnXU1Liz8=
github.com/davecgh/go-spew v1.1.0/go.mod h1:J7Y8YcW2NihsgmVo/mv3lAwl/skON4iLHjSsI+c5H38=
github.com/nu7hatch/gouuid v0.0.0-20131221200532-179d4d0c4d8d h1:VhgPp6v9qf9Agr/56bj7Y/xa04UccTW04VP0Qed4vnQ=
github.com/nu7hatch/gouuid v0.0.0-20131221200532-179d4d0c4d8d/go.mod h1:YUTz3bUH2ZwIWBy3CJBeOBEugqcmXREj14T+iG/4k4U=
github.com/otiai10/curr v0.0.0-20150429015615-9b4961190c95 h1:+OLn68pqasWca0z5ryit9KGfp3sUsW4Lqg32iRMJyzs=
github.com/otiai10/curr v0.0.0-20150429015615-9b4961190c95/go.mod h1:9qAhocn7zKJG+0mI8eUu6xqkFDYS2kb2saOteoSB3cE=
github.com/otiai10/gosseract v0.0.0-20160531064911-2930c0d0b0a2 h1:CMFDFlsII4jIGTEpYLjmweU0xhUfP+0AxFgwPMVA0Sg=
github.com/otiai10/gosseract v0.0.0-20160531064911-2930c0d0b0a2/go.mod h1:XrzWItCzCpFRZ35n3YtVTgq5bLAhFIkascoRo8G32QE=
github.com/otiai10/mint v1.3.0 h1:Ady6MKVezQwHBkGzLFbrsywyp09Ah7rkmfjV3Bcr5uc=
github.com/otiai10/mint v1.3.0/go.mod h1:F5AjcsTsWUqX+Na9fpHb52P8pcRX2CI6A3ctIT91xUo=
github.com/pmezard/go-difflib v1.0.0 h1:4DBwDE0NGyQoBHbLQYPwSUPoCMWR5BEzIk/f1lZbAQM=
github.com/pmezard/go-difflib v1.0.0/go.mod h1:iKH77koFhYxTK1pcRnkKkqfTogsbg7gZNVY4sRDYZ/4=
github.com/rs/cors v0.0.0-20160321231048-3ca2b550f6a4 h1:1MR8s7npeLFUjbbcwVKFaa3rzO+K61HHaOTUyoxqKMU=
github.com/rs/cors v0.0.0-20160321231048-3ca2b550f6a4/go.mod h1:gFx+x8UowdsKA9AchylcLynDq+nNFfI8FkUZdN/jGCU=
github.com/rs/xhandler v0.0.0-20151224012956-d9d9599b6aaf h1:Df4QtDSQdFg5jenZonLrGr7iREOI/YAwYp18P7xjwPk=
github.com/rs/xhandler v0.0.0-20151224012956-d9d9599b6aaf/go.mod h1:RvLn4FgxWubrpZHtQLnOf6EwhN2hEMusxZOhcW9H3UQ=
github.com/stretchr/objx v0.1.0/go.mod h1:HFkY916IF+rwdDfMAkV7OtwuqBVzrE8GR6GFx+wExME=
github.com/stretchr/testify v1.4.0 h1:2E4SXV/wtOkTonXsotYi4li6zVWxYlZuYNCXe9XRJyk=
github.com/stretchr/testify v1.4.0/go.mod h1:j7eGeouHqKxXV5pUuKE4zz7dFj8WfuZ+81PSLYec5m4=
golang.org/x/net v0.0.0-20160531150152-c4c3ea71919d h1:Ed71OVjG2aHL6nH7BufKIzIiWRgx30G/ySsetlcWTqw=
golang.org/x/net v0.0.0-20160531150152-c4c3ea71919d/go.mod h1:mL1N/T3taQHkDXs73rZJwtUhF3w3ftmwwsq0BUmARs4=
golang.org/x/sys v0.0.0-20191010194322-b09406accb47 h1:/XfQ9z7ib8eEJX2hdgFTZJ/ntt0swNk5oYBziWeTCvY=
golang.org/x/sys v0.0.0-20191010194322-b09406accb47/go.mod h1:h1NjWce9XRLGQEsW7wpKNCjG9DtNlClVuFLEZdDNbEs=
gopkg.in/check.v1 v0.0.0-20161208181325-20d25e280405 h1:yhCVgyC4o1eVCa2tZl7eS0r+SDo693bJlVdllGtEeKM=
gopkg.in/check.v1 v0.0.0-20161208181325-20d25e280405/go.mod h1:Co6ibVJAznAaIkqp8huTwlJQCZ016jof/cbN4VW5Yz0=
gopkg.in/yaml.v2 v2.2.2 h1:ZCJp+EgiOT7lHqUV2J862kp8Qj64Jo6az82+3Td9dZw=
gopkg.in/yaml.v2 v2.2.2/go.mod h1:hI93XBmqTisBFMUTm0b8Fm+jr3Dg1NNxqwp+5A1VGuI=
